// !$*UTF8*$!
{
	archiveVersion = 1;
	classes = {
	};
	objectVersion = 46;
	objects = {

/* Begin PBXBuildFile section */
		E292750520F9975B0058EDD9 /* ColorDetailViewController.swift in Sources */ = {isa = PBXBuildFile; fileRef = E292750420F9975B0058EDD9 /* ColorDetailViewController.swift */; };
		FE9D18D11F198B5B00A33821 /* AppDelegate.swift in Sources */ = {isa = PBXBuildFile; fileRef = FE9D18D01F198B5B00A33821 /* AppDelegate.swift */; };
		FE9D18D61F198B5B00A33821 /* Main.storyboard in Resources */ = {isa = PBXBuildFile; fileRef = FE9D18D41F198B5B00A33821 /* Main.storyboard */; };
		FE9D18D81F198B5B00A33821 /* Assets.xcassets in Resources */ = {isa = PBXBuildFile; fileRef = FE9D18D71F198B5B00A33821 /* Assets.xcassets */; };
		FE9D18DB1F198B5B00A33821 /* LaunchScreen.storyboard in Resources */ = {isa = PBXBuildFile; fileRef = FE9D18D91F198B5B00A33821 /* LaunchScreen.storyboard */; };
		FE9D18E61F198B5B00A33821 /* ColorsTests.swift in Sources */ = {isa = PBXBuildFile; fileRef = FE9D18E51F198B5B00A33821 /* ColorsTests.swift */; };
		FE9D18F11F198B5B00A33821 /* ColorsUITests.swift in Sources */ = {isa = PBXBuildFile; fileRef = FE9D18F01F198B5B00A33821 /* ColorsUITests.swift */; };
		FE9D18FF1F198BC600A33821 /* ColorsViewController.swift in Sources */ = {isa = PBXBuildFile; fileRef = FE9D18FE1F198BC600A33821 /* ColorsViewController.swift */; };
		FE9D19031F199A7D00A33821 /* Color.swift in Sources */ = {isa = PBXBuildFile; fileRef = FE9D19021F199A7D00A33821 /* Color.swift */; };
/* End PBXBuildFile section */

/* Begin PBXContainerItemProxy section */
		FE9D18E21F198B5B00A33821 /* PBXContainerItemProxy */ = {
			isa = PBXContainerItemProxy;
			containerPortal = FE9D18C51F198B5B00A33821 /* Project object */;
			proxyType = 1;
			remoteGlobalIDString = FE9D18CC1F198B5B00A33821;
			remoteInfo = Colors;
		};
		FE9D18ED1F198B5B00A33821 /* PBXContainerItemProxy */ = {
			isa = PBXContainerItemProxy;
			containerPortal = FE9D18C51F198B5B00A33821 /* Project object */;
			proxyType = 1;
			remoteGlobalIDString = FE9D18CC1F198B5B00A33821;
			remoteInfo = Colors;
		};
/* End PBXContainerItemProxy section */

/* Begin PBXFileReference section */
		E292750420F9975B0058EDD9 /* ColorDetailViewController.swift */ = {isa = PBXFileReference; lastKnownFileType = sourcecode.swift; path = ColorDetailViewController.swift; sourceTree = "<group>"; };
		FE9D18CD1F198B5B00A33821 /* Colors.app */ = {isa = PBXFileReference; explicitFileType = wrapper.application; includeInIndex = 0; path = Colors.app; sourceTree = BUILT_PRODUCTS_DIR; };
		FE9D18D01F198B5B00A33821 /* AppDelegate.swift */ = {isa = PBXFileReference; lastKnownFileType = sourcecode.swift; path = AppDelegate.swift; sourceTree = "<group>"; };
		FE9D18D51F198B5B00A33821 /* Base */ = {isa = PBXFileReference; lastKnownFileType = file.storyboard; name = Base; path = Base.lproj/Main.storyboard; sourceTree = "<group>"; };
		FE9D18D71F198B5B00A33821 /* Assets.xcassets */ = {isa = PBXFileReference; lastKnownFileType = folder.assetcatalog; path = Assets.xcassets; sourceTree = "<group>"; };
		FE9D18DA1F198B5B00A33821 /* Base */ = {isa = PBXFileReference; lastKnownFileType = file.storyboard; name = Base; path = Base.lproj/LaunchScreen.storyboard; sourceTree = "<group>"; };
		FE9D18DC1F198B5B00A33821 /* Info.plist */ = {isa = PBXFileReference; lastKnownFileType = text.plist.xml; path = Info.plist; sourceTree = "<group>"; };
		FE9D18E11F198B5B00A33821 /* ColorsTests.xctest */ = {isa = PBXFileReference; explicitFileType = wrapper.cfbundle; includeInIndex = 0; path = ColorsTests.xctest; sourceTree = BUILT_PRODUCTS_DIR; };
		FE9D18E51F198B5B00A33821 /* ColorsTests.swift */ = {isa = PBXFileReference; lastKnownFileType = sourcecode.swift; path = ColorsTests.swift; sourceTree = "<group>"; };
		FE9D18E71F198B5B00A33821 /* Info.plist */ = {isa = PBXFileReference; lastKnownFileType = text.plist.xml; path = Info.plist; sourceTree = "<group>"; };
		FE9D18EC1F198B5B00A33821 /* ColorsUITests.xctest */ = {isa = PBXFileReference; explicitFileType = wrapper.cfbundle; includeInIndex = 0; path = ColorsUITests.xctest; sourceTree = BUILT_PRODUCTS_DIR; };
		FE9D18F01F198B5B00A33821 /* ColorsUITests.swift */ = {isa = PBXFileReference; lastKnownFileType = sourcecode.swift; path = ColorsUITests.swift; sourceTree = "<group>"; };
		FE9D18F21F198B5B00A33821 /* Info.plist */ = {isa = PBXFileReference; lastKnownFileType = text.plist.xml; path = Info.plist; sourceTree = "<group>"; };
		FE9D18FE1F198BC600A33821 /* ColorsViewController.swift */ = {isa = PBXFileReference; fileEncoding = 4; lastKnownFileType = sourcecode.swift; path = ColorsViewController.swift; sourceTree = "<group>"; };
		FE9D19021F199A7D00A33821 /* Color.swift */ = {isa = PBXFileReference; fileEncoding = 4; lastKnownFileType = sourcecode.swift; path = Color.swift; sourceTree = "<group>"; };
/* End PBXFileReference section */

/* Begin PBXFrameworksBuildPhase section */
		FE9D18CA1F198B5B00A33821 /* Frameworks */ = {
			isa = PBXFrameworksBuildPhase;
			buildActionMask = 2147483647;
			files = (
			);
			runOnlyForDeploymentPostprocessing = 0;
		};
		FE9D18DE1F198B5B00A33821 /* Frameworks */ = {
			isa = PBXFrameworksBuildPhase;
			buildActionMask = 2147483647;
			files = (
			);
			runOnlyForDeploymentPostprocessing = 0;
		};
		FE9D18E91F198B5B00A33821 /* Frameworks */ = {
			isa = PBXFrameworksBuildPhase;
			buildActionMask = 2147483647;
			files = (
			);
			runOnlyForDeploymentPostprocessing = 0;
		};
/* End PBXFrameworksBuildPhase section */

/* Begin PBXGroup section */
		FE9D18C41F198B5B00A33821 = {
			isa = PBXGroup;
			children = (
				FE9D18CF1F198B5B00A33821 /* Colors */,
				FE9D18E41F198B5B00A33821 /* ColorsTests */,
				FE9D18EF1F198B5B00A33821 /* ColorsUITests */,
				FE9D18CE1F198B5B00A33821 /* Products */,
			);
			sourceTree = "<group>";
		};
		FE9D18CE1F198B5B00A33821 /* Products */ = {
			isa = PBXGroup;
			children = (
				FE9D18CD1F198B5B00A33821 /* Colors.app */,
				FE9D18E11F198B5B00A33821 /* ColorsTests.xctest */,
				FE9D18EC1F198B5B00A33821 /* ColorsUITests.xctest */,
			);
			name = Products;
			sourceTree = "<group>";
		};
		FE9D18CF1F198B5B00A33821 /* Colors */ = {
			isa = PBXGroup;
			children = (
				FE9D18D01F198B5B00A33821 /* AppDelegate.swift */,
				FE9D18D41F198B5B00A33821 /* Main.storyboard */,
				FE9D18D71F198B5B00A33821 /* Assets.xcassets */,
				FE9D18D91F198B5B00A33821 /* LaunchScreen.storyboard */,
				FE9D18DC1F198B5B00A33821 /* Info.plist */,
				FE9D18FE1F198BC600A33821 /* ColorsViewController.swift */,
				FE9D19021F199A7D00A33821 /* Color.swift */,
				E292750420F9975B0058EDD9 /* ColorDetailViewController.swift */,
			);
			path = Colors;
			sourceTree = "<group>";
		};
		FE9D18E41F198B5B00A33821 /* ColorsTests */ = {
			isa = PBXGroup;
			children = (
				FE9D18E51F198B5B00A33821 /* ColorsTests.swift */,
				FE9D18E71F198B5B00A33821 /* Info.plist */,
			);
			path = ColorsTests;
			sourceTree = "<group>";
		};
		FE9D18EF1F198B5B00A33821 /* ColorsUITests */ = {
			isa = PBXGroup;
			children = (
				FE9D18F01F198B5B00A33821 /* ColorsUITests.swift */,
				FE9D18F21F198B5B00A33821 /* Info.plist */,
			);
			path = ColorsUITests;
			sourceTree = "<group>";
		};
/* End PBXGroup section */

/* Begin PBXNativeTarget section */
		FE9D18CC1F198B5B00A33821 /* Colors */ = {
			isa = PBXNativeTarget;
			buildConfigurationList = FE9D18F51F198B5B00A33821 /* Build configuration list for PBXNativeTarget "Colors" */;
			buildPhases = (
				FE9D18C91F198B5B00A33821 /* Sources */,
				FE9D18CA1F198B5B00A33821 /* Frameworks */,
				FE9D18CB1F198B5B00A33821 /* Resources */,
			);
			buildRules = (
			);
			dependencies = (
			);
			name = Colors;
			productName = Colors;
			productReference = FE9D18CD1F198B5B00A33821 /* Colors.app */;
			productType = "com.apple.product-type.application";
		};
		FE9D18E01F198B5B00A33821 /* ColorsTests */ = {
			isa = PBXNativeTarget;
			buildConfigurationList = FE9D18F81F198B5B00A33821 /* Build configuration list for PBXNativeTarget "ColorsTests" */;
			buildPhases = (
				FE9D18DD1F198B5B00A33821 /* Sources */,
				FE9D18DE1F198B5B00A33821 /* Frameworks */,
				FE9D18DF1F198B5B00A33821 /* Resources */,
			);
			buildRules = (
			);
			dependencies = (
				FE9D18E31F198B5B00A33821 /* PBXTargetDependency */,
			);
			name = ColorsTests;
			productName = ColorsTests;
			productReference = FE9D18E11F198B5B00A33821 /* ColorsTests.xctest */;
			productType = "com.apple.product-type.bundle.unit-test";
		};
		FE9D18EB1F198B5B00A33821 /* ColorsUITests */ = {
			isa = PBXNativeTarget;
			buildConfigurationList = FE9D18FB1F198B5B00A33821 /* Build configuration list for PBXNativeTarget "ColorsUITests" */;
			buildPhases = (
				FE9D18E81F198B5B00A33821 /* Sources */,
				FE9D18E91F198B5B00A33821 /* Frameworks */,
				FE9D18EA1F198B5B00A33821 /* Resources */,
			);
			buildRules = (
			);
			dependencies = (
				FE9D18EE1F198B5B00A33821 /* PBXTargetDependency */,
			);
			name = ColorsUITests;
			productName = ColorsUITests;
			productReference = FE9D18EC1F198B5B00A33821 /* ColorsUITests.xctest */;
			productType = "com.apple.product-type.bundle.ui-testing";
		};
/* End PBXNativeTarget section */

/* Begin PBXProject section */
		FE9D18C51F198B5B00A33821 /* Project object */ = {
			isa = PBXProject;
			attributes = {
				LastSwiftUpdateCheck = 0830;
				LastUpgradeCheck = 0830;
				ORGANIZATIONNAME = "Tech Innovator";
				TargetAttributes = {
					FE9D18CC1F198B5B00A33821 = {
						CreatedOnToolsVersion = 8.3.3;
						DevelopmentTeam = CY884D2HTC;
						ProvisioningStyle = Automatic;
					};
					FE9D18E01F198B5B00A33821 = {
						CreatedOnToolsVersion = 8.3.3;
						ProvisioningStyle = Automatic;
						TestTargetID = FE9D18CC1F198B5B00A33821;
					};
					FE9D18EB1F198B5B00A33821 = {
						CreatedOnToolsVersion = 8.3.3;
						ProvisioningStyle = Automatic;
						TestTargetID = FE9D18CC1F198B5B00A33821;
					};
				};
			};
			buildConfigurationList = FE9D18C81F198B5B00A33821 /* Build configuration list for PBXProject "Colors" */;
			compatibilityVersion = "Xcode 3.2";
			developmentRegion = English;
			hasScannedForEncodings = 0;
			knownRegions = (
				en,
				Base,
			);
			mainGroup = FE9D18C41F198B5B00A33821;
			productRefGroup = FE9D18CE1F198B5B00A33821 /* Products */;
			projectDirPath = "";
			projectRoot = "";
			targets = (
				FE9D18CC1F198B5B00A33821 /* Colors */,
				FE9D18E01F198B5B00A33821 /* ColorsTests */,
				FE9D18EB1F198B5B00A33821 /* ColorsUITests */,
			);
		};
/* End PBXProject section */

/* Begin PBXResourcesBuildPhase section */
		FE9D18CB1F198B5B00A33821 /* Resources */ = {
			isa = PBXResourcesBuildPhase;
			buildActionMask = 2147483647;
			files = (
				FE9D18DB1F198B5B00A33821 /* LaunchScreen.storyboard in Resources */,
				FE9D18D81F198B5B00A33821 /* Assets.xcassets in Resources */,
				FE9D18D61F198B5B00A33821 /* Main.storyboard in Resources */,
			);
			runOnlyForDeploymentPostprocessing = 0;
		};
		FE9D18DF1F198B5B00A33821 /* Resources */ = {
			isa = PBXResourcesBuildPhase;
			buildActionMask = 2147483647;
			files = (
			);
			runOnlyForDeploymentPostprocessing = 0;
		};
		FE9D18EA1F198B5B00A33821 /* Resources */ = {
			isa = PBXResourcesBuildPhase;
			buildActionMask = 2147483647;
			files = (
			);
			runOnlyForDeploymentPostprocessing = 0;
		};
/* End PBXResourcesBuildPhase section */

/* Begin PBXSourcesBuildPhase section */
		FE9D18C91F198B5B00A33821 /* Sources */ = {
			isa = PBXSourcesBuildPhase;
			buildActionMask = 2147483647;
			files = (
				FE9D18FF1F198BC600A33821 /* ColorsViewController.swift in Sources */,
				FE9D18D11F198B5B00A33821 /* AppDelegate.swift in Sources */,
				FE9D19031F199A7D00A33821 /* Color.swift in Sources */,
				E292750520F9975B0058EDD9 /* ColorDetailViewController.swift in Sources */,
			);
			runOnlyForDeploymentPostprocessing = 0;
		};
		FE9D18DD1F198B5B00A33821 /* Sources */ = {
			isa = PBXSourcesBuildPhase;
			buildActionMask = 2147483647;
			files = (
				FE9D18E61F198B5B00A33821 /* ColorsTests.swift in Sources */,
			);
			runOnlyForDeploymentPostprocessing = 0;
		};
		FE9D18E81F198B5B00A33821 /* Sources */ = {
			isa = PBXSourcesBuildPhase;
			buildActionMask = 2147483647;
			files = (
				FE9D18F11F198B5B00A33821 /* ColorsUITests.swift in Sources */,
			);
			runOnlyForDeploymentPostprocessing = 0;
		};
/* End PBXSourcesBuildPhase section */

/* Begin PBXTargetDependency section */
		FE9D18E31F198B5B00A33821 /* PBXTargetDependency */ = {
			isa = PBXTargetDependency;
			target = FE9D18CC1F198B5B00A33821 /* Colors */;
			targetProxy = FE9D18E21F198B5B00A33821 /* PBXContainerItemProxy */;
		};
		FE9D18EE1F198B5B00A33821 /* PBXTargetDependency */ = {
			isa = PBXTargetDependency;
			target = FE9D18CC1F198B5B00A33821 /* Colors */;
			targetProxy = FE9D18ED1F198B5B00A33821 /* PBXContainerItemProxy */;
		};
/* End PBXTargetDependency section */

/* Begin PBXVariantGroup section */
		FE9D18D41F198B5B00A33821 /* Main.storyboard */ = {
			isa = PBXVariantGroup;
			children = (
				FE9D18D51F198B5B00A33821 /* Base */,
			);
			name = Main.storyboard;
			sourceTree = "<group>";
		};
		FE9D18D91F198B5B00A33821 /* LaunchScreen.storyboard */ = {
			isa = PBXVariantGroup;
			children = (
				FE9D18DA1F198B5B00A33821 /* Base */,
			);
			name = LaunchScreen.storyboard;
			sourceTree = "<group>";
		};
/* End PBXVariantGroup section */

/* Begin XCBuildConfiguration section */
		FE9D18F31F198B5B00A33821 /* Debug */ = {
			isa = XCBuildConfiguration;
			buildSettings = {
				ALWAYS_SEARCH_USER_PATHS = NO;
				CLANG_ANALYZER_NONNULL = YES;
				CLANG_ANALYZER_NUMBER_OBJECT_CONVERSION = YES_AGGRESSIVE;
				CLANG_CXX_LANGUAGE_STANDARD = "gnu++0x";
				CLANG_CXX_LIBRARY = "libc++";
				CLANG_ENABLE_MODULES = YES;
				CLANG_ENABLE_OBJC_ARC = YES;
				CLANG_WARN_BOOL_CONVERSION = YES;
				CLANG_WARN_CONSTANT_CONVERSION = YES;
				CLANG_WARN_DIRECT_OBJC_ISA_USAGE = YES_ERROR;
				CLANG_WARN_DOCUMENTATION_COMMENTS = YES;
				CLANG_WARN_EMPTY_BODY = YES;
				CLANG_WARN_ENUM_CONVERSION = YES;
				CLANG_WARN_INFINITE_RECURSION = YES;
				CLANG_WARN_INT_CONVERSION = YES;
				CLANG_WARN_OBJC_ROOT_CLASS = YES_ERROR;
				CLANG_WARN_SUSPICIOUS_MOVE = YES;
				CLANG_WARN_UNREACHABLE_CODE = YES;
				CLANG_WARN__DUPLICATE_METHOD_MATCH = YES;
				"CODE_SIGN_IDENTITY[sdk=iphoneos*]" = "iPhone Developer";
				COPY_PHASE_STRIP = NO;
				DEBUG_INFORMATION_FORMAT = dwarf;
				ENABLE_STRICT_OBJC_MSGSEND = YES;
				ENABLE_TESTABILITY = YES;
				GCC_C_LANGUAGE_STANDARD = gnu99;
				GCC_DYNAMIC_NO_PIC = NO;
				GCC_NO_COMMON_BLOCKS = YES;
				GCC_OPTIMIZATION_LEVEL = 0;
				GCC_PREPROCESSOR_DEFINITIONS = (
					"DEBUG=1",
					"$(inherited)",
				);
				GCC_WARN_64_TO_32_BIT_CONVERSION = YES;
				GCC_WARN_ABOUT_RETURN_TYPE = YES_ERROR;
				GCC_WARN_UNDECLARED_SELECTOR = YES;
				GCC_WARN_UNINITIALIZED_AUTOS = YES_AGGRESSIVE;
				GCC_WARN_UNUSED_FUNCTION = YES;
				GCC_WARN_UNUSED_VARIABLE = YES;
				IPHONEOS_DEPLOYMENT_TARGET = 10.3;
				MTL_ENABLE_DEBUG_INFO = YES;
				ONLY_ACTIVE_ARCH = YES;
				SDKROOT = iphoneos;
				SWIFT_ACTIVE_COMPILATION_CONDITIONS = DEBUG;
				SWIFT_OPTIMIZATION_LEVEL = "-Onone";
				TARGETED_DEVICE_FAMILY = "1,2";
			};
			name = Debug;
		};
		FE9D18F41F198B5B00A33821 /* Release */ = {
			isa = XCBuildConfiguration;
			buildSettings = {
				ALWAYS_SEARCH_USER_PATHS = NO;
				CLANG_ANALYZER_NONNULL = YES;
				CLANG_ANALYZER_NUMBER_OBJECT_CONVERSION = YES_AGGRESSIVE;
				CLANG_CXX_LANGUAGE_STANDARD = "gnu++0x";
				CLANG_CXX_LIBRARY = "libc++";
				CLANG_ENABLE_MODULES = YES;
				CLANG_ENABLE_OBJC_ARC = YES;
				CLANG_WARN_BOOL_CONVERSION = YES;
				CLANG_WARN_CONSTANT_CONVERSION = YES;
				CLANG_WARN_DIRECT_OBJC_ISA_USAGE = YES_ERROR;
				CLANG_WARN_DOCUMENTATION_COMMENTS = YES;
				CLANG_WARN_EMPTY_BODY = YES;
				CLANG_WARN_ENUM_CONVERSION = YES;
				CLANG_WARN_INFINITE_RECURSION = YES;
				CLANG_WARN_INT_CONVERSION = YES;
				CLANG_WARN_OBJC_ROOT_CLASS = YES_ERROR;
				CLANG_WARN_SUSPICIOUS_MOVE = YES;
				CLANG_WARN_UNREACHABLE_CODE = YES;
				CLANG_WARN__DUPLICATE_METHOD_MATCH = YES;
				"CODE_SIGN_IDENTITY[sdk=iphoneos*]" = "iPhone Developer";
				COPY_PHASE_STRIP = NO;
				DEBUG_INFORMATION_FORMAT = "dwarf-with-dsym";
				ENABLE_NS_ASSERTIONS = NO;
				ENABLE_STRICT_OBJC_MSGSEND = YES;
				GCC_C_LANGUAGE_STANDARD = gnu99;
				GCC_NO_COMMON_BLOCKS = YES;
				GCC_WARN_64_TO_32_BIT_CONVERSION = YES;
				GCC_WARN_ABOUT_RETURN_TYPE = YES_ERROR;
				GCC_WARN_UNDECLARED_SELECTOR = YES;
				GCC_WARN_UNINITIALIZED_AUTOS = YES_AGGRESSIVE;
				GCC_WARN_UNUSED_FUNCTION = YES;
				GCC_WARN_UNUSED_VARIABLE = YES;
				IPHONEOS_DEPLOYMENT_TARGET = 10.3;
				MTL_ENABLE_DEBUG_INFO = NO;
				SDKROOT = iphoneos;
				SWIFT_OPTIMIZATION_LEVEL = "-Owholemodule";
				TARGETED_DEVICE_FAMILY = "1,2";
				VALIDATE_PRODUCT = YES;
			};
			name = Release;
		};
		FE9D18F61F198B5B00A33821 /* Debug */ = {
			isa = XCBuildConfiguration;
			buildSettings = {
				ASSETCATALOG_COMPILER_APPICON_NAME = AppIcon;
				DEVELOPMENT_TEAM = CY884D2HTC;
				INFOPLIST_FILE = Colors/Info.plist;
				IPHONEOS_DEPLOYMENT_TARGET = 12.0;
				LD_RUNPATH_SEARCH_PATHS = "$(inherited) @executable_path/Frameworks";
				PRODUCT_BUNDLE_IDENTIFIER = online.brendankrekeler.Colors;
				PRODUCT_NAME = "$(TARGET_NAME)";
				SWIFT_VERSION = 3.0;
				TARGETED_DEVICE_FAMILY = "1,2";
			};
			name = Debug;
		};
		FE9D18F71F198B5B00A33821 /* Release */ = {
			isa = XCBuildConfiguration;
			buildSettings = {
				ASSETCATALOG_COMPILER_APPICON_NAME = AppIcon;
				DEVELOPMENT_TEAM = CY884D2HTC;
				INFOPLIST_FILE = Colors/Info.plist;
				IPHONEOS_DEPLOYMENT_TARGET = 12.0;
				LD_RUNPATH_SEARCH_PATHS = "$(inherited) @executable_path/Frameworks";
				PRODUCT_BUNDLE_IDENTIFIER = online.brendankrekeler.Colors;
				PRODUCT_NAME = "$(TARGET_NAME)";
				SWIFT_VERSION = 3.0;
				TARGETED_DEVICE_FAMILY = "1,2";
			};
			name = Release;
		};
		FE9D18F91F198B5B00A33821 /* Debug */ = {
			isa = XCBuildConfiguration;
			buildSettings = {
				ALWAYS_EMBED_SWIFT_STANDARD_LIBRARIES = YES;
				BUNDLE_LOADER = "$(TEST_HOST)";
				INFOPLIST_FILE = ColorsTests/Info.plist;
				LD_RUNPATH_SEARCH_PATHS = "$(inherited) @executable_path/Frameworks @loader_path/Frameworks";
				PRODUCT_BUNDLE_IDENTIFIER = online.techinnovator.ColorsTests;
				PRODUCT_NAME = "$(TARGET_NAME)";
				SWIFT_VERSION = 3.0;
				TEST_HOST = "$(BUILT_PRODUCTS_DIR)/Colors.app/Colors";
			};
			name = Debug;
		};
		FE9D18FA1F198B5B00A33821 /* Release */ = {
			isa = XCBuildConfiguration;
			buildSettings = {
				ALWAYS_EMBED_SWIFT_STANDARD_LIBRARIES = YES;
				BUNDLE_LOADER = "$(TEST_HOST)";
				INFOPLIST_FILE = ColorsTests/Info.plist;
				LD_RUNPATH_SEARCH_PATHS = "$(inherited) @executable_path/Frameworks @loader_path/Frameworks";
				PRODUCT_BUNDLE_IDENTIFIER = online.techinnovator.ColorsTests;
				PRODUCT_NAME = "$(TARGET_NAME)";
				SWIFT_VERSION = 3.0;
				TEST_HOST = "$(BUILT_PRODUCTS_DIR)/Colors.app/Colors";
			};
			name = Release;
		};
		FE9D18FC1F198B5B00A33821 /* Debug */ = {
			isa = XCBuildConfiguration;
			buildSettings = {
				ALWAYS_EMBED_SWIFT_STANDARD_LIBRARIES = YES;
				INFOPLIST_FILE = ColorsUITests/Info.plist;
				LD_RUNPATH_SEARCH_PATHS = "$(inherited) @executable_path/Frameworks @loader_path/Frameworks";
				PRODUCT_BUNDLE_IDENTIFIER = online.techinnovator.ColorsUITests;
				PRODUCT_NAME = "$(TARGET_NAME)";
				SWIFT_VERSION = 3.0;
				TEST_TARGET_NAME = Colors;
			};
			name = Debug;
		};
		FE9D18FD1F198B5B00A33821 /* Release */ = {
			isa = XCBuildConfiguration;
			buildSettings = {
				ALWAYS_EMBED_SWIFT_STANDARD_LIBRARIES = YES;
				INFOPLIST_FILE = ColorsUITests/Info.plist;
				LD_RUNPATH_SEARCH_PATHS = "$(inherited) @executable_path/Frameworks @loader_path/Frameworks";
				PRODUCT_BUNDLE_IDENTIFIER = online.techinnovator.ColorsUITests;
				PRODUCT_NAME = "$(TARGET_NAME)";
				SWIFT_VERSION = 3.0;
				TEST_TARGET_NAME = Colors;
			};
			name = Release;
		};
/* End XCBuildConfiguration section */

/* Begin XCConfigurationList section */
		FE9D18C81F198B5B00A33821 /* Build configuration list for PBXProject "Colors" */ = {
			isa = XCConfigurationList;
			buildConfigurations = (
				FE9D18F31F198B5B00A33821 /* Debug */,
				FE9D18F41F198B5B00A33821 /* Release */,
			);
			defaultConfigurationIsVisible = 0;
			defaultConfigurationName = Release;
		};
		FE9D18F51F198B5B00A33821 /* Build configuration list for PBXNativeTarget "Colors" */ = {
			isa = XCConfigurationList;
			buildConfigurations = (
				FE9D18F61F198B5B00A33821 /* Debug */,
				FE9D18F71F198B5B00A33821 /* Release */,
			);
			defaultConfigurationIsVisible = 0;
			defaultConfigurationName = Release;
		};
		FE9D18F81F198B5B00A33821 /* Build configuration list for PBXNativeTarget "ColorsTests" */ = {
			isa = XCConfigurationList;
			buildConfigurations = (
				FE9D18F91F198B5B00A33821 /* Debug */,
				FE9D18FA1F198B5B00A33821 /* Release */,
			);
			defaultConfigurationIsVisible = 0;
			defaultConfigurationName = Release;
		};
		FE9D18FB1F198B5B00A33821 /* Build configuration list for PBXNativeTarget "ColorsUITests" */ = {
			isa = XCConfigurationList;
			buildConfigurations = (
				FE9D18FC1F198B5B00A33821 /* Debug */,
				FE9D18FD1F198B5B00A33821 /* Release */,
			);
			defaultConfigurationIsVisible = 0;
			defaultConfigurationName = Release;
		};
/* End XCConfigurationList section */
	};
	rootObject = FE9D18C51F198B5B00A33821 /* Project object */;
}
